// !$*UTF8*$!
{
	archiveVersion = 1;
	classes = {
	};
	objectVersion = 50;
	objects = {

/* Begin PBXBuildFile section */
		3E07972A8957BBADC91F8A33 /* Pods_stickyTests.framework in Frameworks */ = {isa = PBXBuildFile; fileRef = 949E3D169F7BD3CFDFC3D663 /* Pods_stickyTests.framework */; };
		7A98F97120EB0C570085ED39 /* AddNoteViewController.swift in Sources */ = {isa = PBXBuildFile; fileRef = 7A98F97020EB0C570085ED39 /* AddNoteViewController.swift */; };
		7AE4624E20E99BBC009ED0CD /* AppDelegate.swift in Sources */ = {isa = PBXBuildFile; fileRef = 7AE4624D20E99BBC009ED0CD /* AppDelegate.swift */; };
		7AE4625020E99BBC009ED0CD /* art.scnassets in Resources */ = {isa = PBXBuildFile; fileRef = 7AE4624F20E99BBC009ED0CD /* art.scnassets */; };
		7AE4625220E99BBC009ED0CD /* ViewController.swift in Sources */ = {isa = PBXBuildFile; fileRef = 7AE4625120E99BBC009ED0CD /* ViewController.swift */; };
		7AE4625520E99BBC009ED0CD /* Main.storyboard in Resources */ = {isa = PBXBuildFile; fileRef = 7AE4625320E99BBC009ED0CD /* Main.storyboard */; };
		7AE4625720E99BBD009ED0CD /* Assets.xcassets in Resources */ = {isa = PBXBuildFile; fileRef = 7AE4625620E99BBD009ED0CD /* Assets.xcassets */; };
		7AE4625A20E99BBD009ED0CD /* LaunchScreen.storyboard in Resources */ = {isa = PBXBuildFile; fileRef = 7AE4625820E99BBD009ED0CD /* LaunchScreen.storyboard */; };
		7AE4626520E99BBD009ED0CD /* stickyTests.swift in Sources */ = {isa = PBXBuildFile; fileRef = 7AE4626420E99BBD009ED0CD /* stickyTests.swift */; };
		7AE4627020E99BBD009ED0CD /* stickyUITests.swift in Sources */ = {isa = PBXBuildFile; fileRef = 7AE4626F20E99BBD009ED0CD /* stickyUITests.swift */; };
		929055348B6A6E9B9A93035B /* Pods_sticky.framework in Frameworks */ = {isa = PBXBuildFile; fileRef = 1F5187A1C38A30C5E3017191 /* Pods_sticky.framework */; };
		C19C0A9920D62EEDED14A6E8 /* Pods_stickyUITests.framework in Frameworks */ = {isa = PBXBuildFile; fileRef = F4D0459317A8993368FA1EE0 /* Pods_stickyUITests.framework */; };
/* End PBXBuildFile section */

/* Begin PBXContainerItemProxy section */
		7AE4626120E99BBD009ED0CD /* PBXContainerItemProxy */ = {
			isa = PBXContainerItemProxy;
			containerPortal = 7AE4624220E99BBC009ED0CD /* Project object */;
			proxyType = 1;
			remoteGlobalIDString = 7AE4624920E99BBC009ED0CD;
			remoteInfo = sticky;
		};
		7AE4626C20E99BBD009ED0CD /* PBXContainerItemProxy */ = {
			isa = PBXContainerItemProxy;
			containerPortal = 7AE4624220E99BBC009ED0CD /* Project object */;
			proxyType = 1;
			remoteGlobalIDString = 7AE4624920E99BBC009ED0CD;
			remoteInfo = sticky;
		};
/* End PBXContainerItemProxy section */

/* Begin PBXFileReference section */
		1F5187A1C38A30C5E3017191 /* Pods_sticky.framework */ = {isa = PBXFileReference; explicitFileType = wrapper.framework; includeInIndex = 0; path = Pods_sticky.framework; sourceTree = BUILT_PRODUCTS_DIR; };
		2069C28F06B7CFD70E08F181 /* Pods-sticky.debug.xcconfig */ = {isa = PBXFileReference; includeInIndex = 1; lastKnownFileType = text.xcconfig; name = "Pods-sticky.debug.xcconfig"; path = "Pods/Target Support Files/Pods-sticky/Pods-sticky.debug.xcconfig"; sourceTree = "<group>"; };
		34DEC21AFECED6BCED6D0E12 /* Pods-sticky.release.xcconfig */ = {isa = PBXFileReference; includeInIndex = 1; lastKnownFileType = text.xcconfig; name = "Pods-sticky.release.xcconfig"; path = "Pods/Target Support Files/Pods-sticky/Pods-sticky.release.xcconfig"; sourceTree = "<group>"; };
		7A98F97020EB0C570085ED39 /* AddNoteViewController.swift */ = {isa = PBXFileReference; lastKnownFileType = sourcecode.swift; path = AddNoteViewController.swift; sourceTree = "<group>"; };
		7AE4624A20E99BBC009ED0CD /* Sticky Notes.app */ = {isa = PBXFileReference; explicitFileType = wrapper.application; includeInIndex = 0; path = "Sticky Notes.app"; sourceTree = BUILT_PRODUCTS_DIR; };
		7AE4624D20E99BBC009ED0CD /* AppDelegate.swift */ = {isa = PBXFileReference; lastKnownFileType = sourcecode.swift; path = AppDelegate.swift; sourceTree = "<group>"; };
		7AE4624F20E99BBC009ED0CD /* art.scnassets */ = {isa = PBXFileReference; lastKnownFileType = wrapper.scnassets; path = art.scnassets; sourceTree = "<group>"; };
		7AE4625120E99BBC009ED0CD /* ViewController.swift */ = {isa = PBXFileReference; lastKnownFileType = sourcecode.swift; path = ViewController.swift; sourceTree = "<group>"; };
		7AE4625420E99BBC009ED0CD /* Base */ = {isa = PBXFileReference; lastKnownFileType = file.storyboard; name = Base; path = Base.lproj/Main.storyboard; sourceTree = "<group>"; };
		7AE4625620E99BBD009ED0CD /* Assets.xcassets */ = {isa = PBXFileReference; lastKnownFileType = folder.assetcatalog; path = Assets.xcassets; sourceTree = "<group>"; };
		7AE4625920E99BBD009ED0CD /* Base */ = {isa = PBXFileReference; lastKnownFileType = file.storyboard; name = Base; path = Base.lproj/LaunchScreen.storyboard; sourceTree = "<group>"; };
		7AE4625B20E99BBD009ED0CD /* Info.plist */ = {isa = PBXFileReference; lastKnownFileType = text.plist.xml; path = Info.plist; sourceTree = "<group>"; };
		7AE4626020E99BBD009ED0CD /* stickyTests.xctest */ = {isa = PBXFileReference; explicitFileType = wrapper.cfbundle; includeInIndex = 0; path = stickyTests.xctest; sourceTree = BUILT_PRODUCTS_DIR; };
		7AE4626420E99BBD009ED0CD /* stickyTests.swift */ = {isa = PBXFileReference; lastKnownFileType = sourcecode.swift; path = stickyTests.swift; sourceTree = "<group>"; };
		7AE4626620E99BBD009ED0CD /* Info.plist */ = {isa = PBXFileReference; lastKnownFileType = text.plist.xml; path = Info.plist; sourceTree = "<group>"; };
		7AE4626B20E99BBD009ED0CD /* stickyUITests.xctest */ = {isa = PBXFileReference; explicitFileType = wrapper.cfbundle; includeInIndex = 0; path = stickyUITests.xctest; sourceTree = BUILT_PRODUCTS_DIR; };
		7AE4626F20E99BBD009ED0CD /* stickyUITests.swift */ = {isa = PBXFileReference; lastKnownFileType = sourcecode.swift; path = stickyUITests.swift; sourceTree = "<group>"; };
		7AE4627120E99BBD009ED0CD /* Info.plist */ = {isa = PBXFileReference; lastKnownFileType = text.plist.xml; path = Info.plist; sourceTree = "<group>"; };
		949E3D169F7BD3CFDFC3D663 /* Pods_stickyTests.framework */ = {isa = PBXFileReference; explicitFileType = wrapper.framework; includeInIndex = 0; path = Pods_stickyTests.framework; sourceTree = BUILT_PRODUCTS_DIR; };
		A1ADAE74BDE1469B8798E74F /* Pods-stickyTests.debug.xcconfig */ = {isa = PBXFileReference; includeInIndex = 1; lastKnownFileType = text.xcconfig; name = "Pods-stickyTests.debug.xcconfig"; path = "Pods/Target Support Files/Pods-stickyTests/Pods-stickyTests.debug.xcconfig"; sourceTree = "<group>"; };
		B5AF1620EDAFBEF6DE101B89 /* Pods-stickyUITests.debug.xcconfig */ = {isa = PBXFileReference; includeInIndex = 1; lastKnownFileType = text.xcconfig; name = "Pods-stickyUITests.debug.xcconfig"; path = "Pods/Target Support Files/Pods-stickyUITests/Pods-stickyUITests.debug.xcconfig"; sourceTree = "<group>"; };
		B786C853A5797D1D25771C9C /* Pods-stickyTests.release.xcconfig */ = {isa = PBXFileReference; includeInIndex = 1; lastKnownFileType = text.xcconfig; name = "Pods-stickyTests.release.xcconfig"; path = "Pods/Target Support Files/Pods-stickyTests/Pods-stickyTests.release.xcconfig"; sourceTree = "<group>"; };
		E04F5953D065FAB8AC181E46 /* Pods-stickyUITests.release.xcconfig */ = {isa = PBXFileReference; includeInIndex = 1; lastKnownFileType = text.xcconfig; name = "Pods-stickyUITests.release.xcconfig"; path = "Pods/Target Support Files/Pods-stickyUITests/Pods-stickyUITests.release.xcconfig"; sourceTree = "<group>"; };
		F4D0459317A8993368FA1EE0 /* Pods_stickyUITests.framework */ = {isa = PBXFileReference; explicitFileType = wrapper.framework; includeInIndex = 0; path = Pods_stickyUITests.framework; sourceTree = BUILT_PRODUCTS_DIR; };
/* End PBXFileReference section */

/* Begin PBXFrameworksBuildPhase section */
		7AE4624720E99BBC009ED0CD /* Frameworks */ = {
			isa = PBXFrameworksBuildPhase;
			buildActionMask = 2147483647;
			files = (
				929055348B6A6E9B9A93035B /* Pods_sticky.framework in Frameworks */,
			);
			runOnlyForDeploymentPostprocessing = 0;
		};
		7AE4625D20E99BBD009ED0CD /* Frameworks */ = {
			isa = PBXFrameworksBuildPhase;
			buildActionMask = 2147483647;
			files = (
				3E07972A8957BBADC91F8A33 /* Pods_stickyTests.framework in Frameworks */,
			);
			runOnlyForDeploymentPostprocessing = 0;
		};
		7AE4626820E99BBD009ED0CD /* Frameworks */ = {
			isa = PBXFrameworksBuildPhase;
			buildActionMask = 2147483647;
			files = (
				C19C0A9920D62EEDED14A6E8 /* Pods_stickyUITests.framework in Frameworks */,
			);
			runOnlyForDeploymentPostprocessing = 0;
		};
/* End PBXFrameworksBuildPhase section */

/* Begin PBXGroup section */
		286A0FD3715ACDD3153B68FF /* Pods */ = {
			isa = PBXGroup;
			children = (
				2069C28F06B7CFD70E08F181 /* Pods-sticky.debug.xcconfig */,
				34DEC21AFECED6BCED6D0E12 /* Pods-sticky.release.xcconfig */,
				A1ADAE74BDE1469B8798E74F /* Pods-stickyTests.debug.xcconfig */,
				B786C853A5797D1D25771C9C /* Pods-stickyTests.release.xcconfig */,
				B5AF1620EDAFBEF6DE101B89 /* Pods-stickyUITests.debug.xcconfig */,
				E04F5953D065FAB8AC181E46 /* Pods-stickyUITests.release.xcconfig */,
			);
			name = Pods;
			sourceTree = "<group>";
		};
		6C43C2F6564A461FD9C6D609 /* Frameworks */ = {
			isa = PBXGroup;
			children = (
				1F5187A1C38A30C5E3017191 /* Pods_sticky.framework */,
				949E3D169F7BD3CFDFC3D663 /* Pods_stickyTests.framework */,
				F4D0459317A8993368FA1EE0 /* Pods_stickyUITests.framework */,
			);
			name = Frameworks;
			sourceTree = "<group>";
		};
		7AE4624120E99BBC009ED0CD = {
			isa = PBXGroup;
			children = (
				7AE4624C20E99BBC009ED0CD /* sticky */,
				7AE4626320E99BBD009ED0CD /* stickyTests */,
				7AE4626E20E99BBD009ED0CD /* stickyUITests */,
				7AE4624B20E99BBC009ED0CD /* Products */,
				286A0FD3715ACDD3153B68FF /* Pods */,
				6C43C2F6564A461FD9C6D609 /* Frameworks */,
			);
			sourceTree = "<group>";
		};
		7AE4624B20E99BBC009ED0CD /* Products */ = {
			isa = PBXGroup;
			children = (
				7AE4624A20E99BBC009ED0CD /* Sticky Notes.app */,
				7AE4626020E99BBD009ED0CD /* stickyTests.xctest */,
				7AE4626B20E99BBD009ED0CD /* stickyUITests.xctest */,
			);
			name = Products;
			sourceTree = "<group>";
		};
		7AE4624C20E99BBC009ED0CD /* sticky */ = {
			isa = PBXGroup;
			children = (
				7AE4624D20E99BBC009ED0CD /* AppDelegate.swift */,
				7AE4625120E99BBC009ED0CD /* ViewController.swift */,
				7A98F97020EB0C570085ED39 /* AddNoteViewController.swift */,
				7AE4625320E99BBC009ED0CD /* Main.storyboard */,
				7AE4625820E99BBD009ED0CD /* LaunchScreen.storyboard */,
				7AE4625B20E99BBD009ED0CD /* Info.plist */,
				7AE4625620E99BBD009ED0CD /* Assets.xcassets */,
				7AE4624F20E99BBC009ED0CD /* art.scnassets */,
			);
			path = sticky;
			sourceTree = "<group>";
		};
		7AE4626320E99BBD009ED0CD /* stickyTests */ = {
			isa = PBXGroup;
			children = (
				7AE4626420E99BBD009ED0CD /* stickyTests.swift */,
				7AE4626620E99BBD009ED0CD /* Info.plist */,
			);
			path = stickyTests;
			sourceTree = "<group>";
		};
		7AE4626E20E99BBD009ED0CD /* stickyUITests */ = {
			isa = PBXGroup;
			children = (
				7AE4626F20E99BBD009ED0CD /* stickyUITests.swift */,
				7AE4627120E99BBD009ED0CD /* Info.plist */,
			);
			path = stickyUITests;
			sourceTree = "<group>";
		};
/* End PBXGroup section */

/* Begin PBXNativeTarget section */
		7AE4624920E99BBC009ED0CD /* sticky */ = {
			isa = PBXNativeTarget;
			buildConfigurationList = 7AE4627420E99BBD009ED0CD /* Build configuration list for PBXNativeTarget "sticky" */;
			buildPhases = (
				5CA937ED2FB430F052B8FFC4 /* [CP] Check Pods Manifest.lock */,
				7AE4624620E99BBC009ED0CD /* Sources */,
				7AE4624720E99BBC009ED0CD /* Frameworks */,
				7AE4624820E99BBC009ED0CD /* Resources */,
				5504D694F30A3FC85270F30A /* [CP] Embed Pods Frameworks */,
			);
			buildRules = (
			);
			dependencies = (
			);
			name = sticky;
			productName = sticky;
			productReference = 7AE4624A20E99BBC009ED0CD /* Sticky Notes.app */;
			productType = "com.apple.product-type.application";
		};
		7AE4625F20E99BBD009ED0CD /* stickyTests */ = {
			isa = PBXNativeTarget;
			buildConfigurationList = 7AE4627720E99BBD009ED0CD /* Build configuration list for PBXNativeTarget "stickyTests" */;
			buildPhases = (
				F9F30D3B334B71707E162379 /* [CP] Check Pods Manifest.lock */,
				7AE4625C20E99BBD009ED0CD /* Sources */,
				7AE4625D20E99BBD009ED0CD /* Frameworks */,
				7AE4625E20E99BBD009ED0CD /* Resources */,
			);
			buildRules = (
			);
			dependencies = (
				7AE4626220E99BBD009ED0CD /* PBXTargetDependency */,
			);
			name = stickyTests;
			productName = stickyTests;
			productReference = 7AE4626020E99BBD009ED0CD /* stickyTests.xctest */;
			productType = "com.apple.product-type.bundle.unit-test";
		};
		7AE4626A20E99BBD009ED0CD /* stickyUITests */ = {
			isa = PBXNativeTarget;
			buildConfigurationList = 7AE4627A20E99BBD009ED0CD /* Build configuration list for PBXNativeTarget "stickyUITests" */;
			buildPhases = (
				044870D60AD3888895B90FF7 /* [CP] Check Pods Manifest.lock */,
				7AE4626720E99BBD009ED0CD /* Sources */,
				7AE4626820E99BBD009ED0CD /* Frameworks */,
				7AE4626920E99BBD009ED0CD /* Resources */,
			);
			buildRules = (
			);
			dependencies = (
				7AE4626D20E99BBD009ED0CD /* PBXTargetDependency */,
			);
			name = stickyUITests;
			productName = stickyUITests;
			productReference = 7AE4626B20E99BBD009ED0CD /* stickyUITests.xctest */;
			productType = "com.apple.product-type.bundle.ui-testing";
		};
/* End PBXNativeTarget section */

/* Begin PBXProject section */
		7AE4624220E99BBC009ED0CD /* Project object */ = {
			isa = PBXProject;
			attributes = {
				LastSwiftUpdateCheck = 0940;
				LastUpgradeCheck = 0940;
				ORGANIZATIONNAME = "Nicolas Ferro";
				TargetAttributes = {
					7AE4624920E99BBC009ED0CD = {
						CreatedOnToolsVersion = 9.4.1;
					};
					7AE4625F20E99BBD009ED0CD = {
						CreatedOnToolsVersion = 9.4.1;
						TestTargetID = 7AE4624920E99BBC009ED0CD;
					};
					7AE4626A20E99BBD009ED0CD = {
						CreatedOnToolsVersion = 9.4.1;
						TestTargetID = 7AE4624920E99BBC009ED0CD;
					};
				};
			};
			buildConfigurationList = 7AE4624520E99BBC009ED0CD /* Build configuration list for PBXProject "sticky" */;
			compatibilityVersion = "Xcode 9.3";
			developmentRegion = en;
			hasScannedForEncodings = 0;
			knownRegions = (
				en,
				Base,
			);
			mainGroup = 7AE4624120E99BBC009ED0CD;
			productRefGroup = 7AE4624B20E99BBC009ED0CD /* Products */;
			projectDirPath = "";
			projectRoot = "";
			targets = (
				7AE4624920E99BBC009ED0CD /* sticky */,
				7AE4625F20E99BBD009ED0CD /* stickyTests */,
				7AE4626A20E99BBD009ED0CD /* stickyUITests */,
			);
		};
/* End PBXProject section */

/* Begin PBXResourcesBuildPhase section */
		7AE4624820E99BBC009ED0CD /* Resources */ = {
			isa = PBXResourcesBuildPhase;
			buildActionMask = 2147483647;
			files = (
				7AE4625020E99BBC009ED0CD /* art.scnassets in Resources */,
				7AE4625A20E99BBD009ED0CD /* LaunchScreen.storyboard in Resources */,
				7AE4625720E99BBD009ED0CD /* Assets.xcassets in Resources */,
				7AE4625520E99BBC009ED0CD /* Main.storyboard in Resources */,
			);
			runOnlyForDeploymentPostprocessing = 0;
		};
		7AE4625E20E99BBD009ED0CD /* Resources */ = {
			isa = PBXResourcesBuildPhase;
			buildActionMask = 2147483647;
			files = (
			);
			runOnlyForDeploymentPostprocessing = 0;
		};
		7AE4626920E99BBD009ED0CD /* Resources */ = {
			isa = PBXResourcesBuildPhase;
			buildActionMask = 2147483647;
			files = (
			);
			runOnlyForDeploymentPostprocessing = 0;
		};
/* End PBXResourcesBuildPhase section */

/* Begin PBXShellScriptBuildPhase section */
		044870D60AD3888895B90FF7 /* [CP] Check Pods Manifest.lock */ = {
			isa = PBXShellScriptBuildPhase;
			buildActionMask = 2147483647;
			files = (
			);
			inputPaths = (
				"${PODS_PODFILE_DIR_PATH}/Podfile.lock",
				"${PODS_ROOT}/Manifest.lock",
			);
			name = "[CP] Check Pods Manifest.lock";
			outputPaths = (
				"$(DERIVED_FILE_DIR)/Pods-stickyUITests-checkManifestLockResult.txt",
			);
			runOnlyForDeploymentPostprocessing = 0;
			shellPath = /bin/sh;
			shellScript = "diff \"${PODS_PODFILE_DIR_PATH}/Podfile.lock\" \"${PODS_ROOT}/Manifest.lock\" > /dev/null\nif [ $? != 0 ] ; then\n    # print error to STDERR\n    echo \"error: The sandbox is not in sync with the Podfile.lock. Run 'pod install' or update your CocoaPods installation.\" >&2\n    exit 1\nfi\n# This output is used by Xcode 'outputs' to avoid re-running this script phase.\necho \"SUCCESS\" > \"${SCRIPT_OUTPUT_FILE_0}\"\n";
			showEnvVarsInLog = 0;
		};
		5504D694F30A3FC85270F30A /* [CP] Embed Pods Frameworks */ = {
			isa = PBXShellScriptBuildPhase;
			buildActionMask = 2147483647;
			files = (
			);
			inputPaths = (
				"${SRCROOT}/Pods/Target Support Files/Pods-sticky/Pods-sticky-frameworks.sh",
				"${BUILT_PRODUCTS_DIR}/FontAwesome.swift/FontAwesome_swift.framework",
			);
			name = "[CP] Embed Pods Frameworks";
			outputPaths = (
				"${TARGET_BUILD_DIR}/${FRAMEWORKS_FOLDER_PATH}/FontAwesome_swift.framework",
			);
			runOnlyForDeploymentPostprocessing = 0;
			shellPath = /bin/sh;
			shellScript = "\"${SRCROOT}/Pods/Target Support Files/Pods-sticky/Pods-sticky-frameworks.sh\"\n";
			showEnvVarsInLog = 0;
		};
		5CA937ED2FB430F052B8FFC4 /* [CP] Check Pods Manifest.lock */ = {
			isa = PBXShellScriptBuildPhase;
			buildActionMask = 2147483647;
			files = (
			);
			inputPaths = (
				"${PODS_PODFILE_DIR_PATH}/Podfile.lock",
				"${PODS_ROOT}/Manifest.lock",
			);
			name = "[CP] Check Pods Manifest.lock";
			outputPaths = (
				"$(DERIVED_FILE_DIR)/Pods-sticky-checkManifestLockResult.txt",
			);
			runOnlyForDeploymentPostprocessing = 0;
			shellPath = /bin/sh;
			shellScript = "diff \"${PODS_PODFILE_DIR_PATH}/Podfile.lock\" \"${PODS_ROOT}/Manifest.lock\" > /dev/null\nif [ $? != 0 ] ; then\n    # print error to STDERR\n    echo \"error: The sandbox is not in sync with the Podfile.lock. Run 'pod install' or update your CocoaPods installation.\" >&2\n    exit 1\nfi\n# This output is used by Xcode 'outputs' to avoid re-running this script phase.\necho \"SUCCESS\" > \"${SCRIPT_OUTPUT_FILE_0}\"\n";
			showEnvVarsInLog = 0;
		};
		F9F30D3B334B71707E162379 /* [CP] Check Pods Manifest.lock */ = {
			isa = PBXShellScriptBuildPhase;
			buildActionMask = 2147483647;
			files = (
			);
			inputPaths = (
				"${PODS_PODFILE_DIR_PATH}/Podfile.lock",
				"${PODS_ROOT}/Manifest.lock",
			);
			name = "[CP] Check Pods Manifest.lock";
			outputPaths = (
				"$(DERIVED_FILE_DIR)/Pods-stickyTests-checkManifestLockResult.txt",
			);
			runOnlyForDeploymentPostprocessing = 0;
			shellPath = /bin/sh;
			shellScript = "diff \"${PODS_PODFILE_DIR_PATH}/Podfile.lock\" \"${PODS_ROOT}/Manifest.lock\" > /dev/null\nif [ $? != 0 ] ; then\n    # print error to STDERR\n    echo \"error: The sandbox is not in sync with the Podfile.lock. Run 'pod install' or update your CocoaPods installation.\" >&2\n    exit 1\nfi\n# This output is used by Xcode 'outputs' to avoid re-running this script phase.\necho \"SUCCESS\" > \"${SCRIPT_OUTPUT_FILE_0}\"\n";
			showEnvVarsInLog = 0;
		};
/* End PBXShellScriptBuildPhase section */

/* Begin PBXSourcesBuildPhase section */
		7AE4624620E99BBC009ED0CD /* Sources */ = {
			isa = PBXSourcesBuildPhase;
			buildActionMask = 2147483647;
			files = (
				7AE4625220E99BBC009ED0CD /* ViewController.swift in Sources */,
				7AE4624E20E99BBC009ED0CD /* AppDelegate.swift in Sources */,
				7A98F97120EB0C570085ED39 /* AddNoteViewController.swift in Sources */,
			);
			runOnlyForDeploymentPostprocessing = 0;
		};
		7AE4625C20E99BBD009ED0CD /* Sources */ = {
			isa = PBXSourcesBuildPhase;
			buildActionMask = 2147483647;
			files = (
				7AE4626520E99BBD009ED0CD /* stickyTests.swift in Sources */,
			);
			runOnlyForDeploymentPostprocessing = 0;
		};
		7AE4626720E99BBD009ED0CD /* Sources */ = {
			isa = PBXSourcesBuildPhase;
			buildActionMask = 2147483647;
			files = (
				7AE4627020E99BBD009ED0CD /* stickyUITests.swift in Sources */,
			);
			runOnlyForDeploymentPostprocessing = 0;
		};
/* End PBXSourcesBuildPhase section */

/* Begin PBXTargetDependency section */
		7AE4626220E99BBD009ED0CD /* PBXTargetDependency */ = {
			isa = PBXTargetDependency;
			target = 7AE4624920E99BBC009ED0CD /* sticky */;
			targetProxy = 7AE4626120E99BBD009ED0CD /* PBXContainerItemProxy */;
		};
		7AE4626D20E99BBD009ED0CD /* PBXTargetDependency */ = {
			isa = PBXTargetDependency;
			target = 7AE4624920E99BBC009ED0CD /* sticky */;
			targetProxy = 7AE4626C20E99BBD009ED0CD /* PBXContainerItemProxy */;
		};
/* End PBXTargetDependency section */

/* Begin PBXVariantGroup section */
		7AE4625320E99BBC009ED0CD /* Main.storyboard */ = {
			isa = PBXVariantGroup;
			children = (
				7AE4625420E99BBC009ED0CD /* Base */,
			);
			name = Main.storyboard;
			sourceTree = "<group>";
		};
		7AE4625820E99BBD009ED0CD /* LaunchScreen.storyboard */ = {
			isa = PBXVariantGroup;
			children = (
				7AE4625920E99BBD009ED0CD /* Base */,
			);
			name = LaunchScreen.storyboard;
			sourceTree = "<group>";
		};
/* End PBXVariantGroup section */

/* Begin XCBuildConfiguration section */
		7AE4627220E99BBD009ED0CD /* Debug */ = {
			isa = XCBuildConfiguration;
			buildSettings = {
				ALWAYS_SEARCH_USER_PATHS = NO;
				CLANG_ANALYZER_NONNULL = YES;
				CLANG_ANALYZER_NUMBER_OBJECT_CONVERSION = YES_AGGRESSIVE;
				CLANG_CXX_LANGUAGE_STANDARD = "gnu++14";
				CLANG_CXX_LIBRARY = "libc++";
				CLANG_ENABLE_MODULES = YES;
				CLANG_ENABLE_OBJC_ARC = YES;
				CLANG_ENABLE_OBJC_WEAK = YES;
				CLANG_WARN_BLOCK_CAPTURE_AUTORELEASING = YES;
				CLANG_WARN_BOOL_CONVERSION = YES;
				CLANG_WARN_COMMA = YES;
				CLANG_WARN_CONSTANT_CONVERSION = YES;
				CLANG_WARN_DEPRECATED_OBJC_IMPLEMENTATIONS = YES;
				CLANG_WARN_DIRECT_OBJC_ISA_USAGE = YES_ERROR;
				CLANG_WARN_DOCUMENTATION_COMMENTS = YES;
				CLANG_WARN_EMPTY_BODY = YES;
				CLANG_WARN_ENUM_CONVERSION = YES;
				CLANG_WARN_INFINITE_RECURSION = YES;
				CLANG_WARN_INT_CONVERSION = YES;
				CLANG_WARN_NON_LITERAL_NULL_CONVERSION = YES;
				CLANG_WARN_OBJC_IMPLICIT_RETAIN_SELF = YES;
				CLANG_WARN_OBJC_LITERAL_CONVERSION = YES;
				CLANG_WARN_OBJC_ROOT_CLASS = YES_ERROR;
				CLANG_WARN_RANGE_LOOP_ANALYSIS = YES;
				CLANG_WARN_STRICT_PROTOTYPES = YES;
				CLANG_WARN_SUSPICIOUS_MOVE = YES;
				CLANG_WARN_UNGUARDED_AVAILABILITY = YES_AGGRESSIVE;
				CLANG_WARN_UNREACHABLE_CODE = YES;
				CLANG_WARN__DUPLICATE_METHOD_MATCH = YES;
				CODE_SIGN_IDENTITY = "iPhone Developer";
				COPY_PHASE_STRIP = NO;
				DEBUG_INFORMATION_FORMAT = dwarf;
				ENABLE_STRICT_OBJC_MSGSEND = YES;
				ENABLE_TESTABILITY = YES;
				GCC_C_LANGUAGE_STANDARD = gnu11;
				GCC_DYNAMIC_NO_PIC = NO;
				GCC_NO_COMMON_BLOCKS = YES;
				GCC_OPTIMIZATION_LEVEL = 0;
				GCC_PREPROCESSOR_DEFINITIONS = (
					"DEBUG=1",
					"$(inherited)",
				);
				GCC_WARN_64_TO_32_BIT_CONVERSION = YES;
				GCC_WARN_ABOUT_RETURN_TYPE = YES_ERROR;
				GCC_WARN_UNDECLARED_SELECTOR = YES;
				GCC_WARN_UNINITIALIZED_AUTOS = YES_AGGRESSIVE;
				GCC_WARN_UNUSED_FUNCTION = YES;
				GCC_WARN_UNUSED_VARIABLE = YES;
				IPHONEOS_DEPLOYMENT_TARGET = 11.4;
				MTL_ENABLE_DEBUG_INFO = YES;
				ONLY_ACTIVE_ARCH = YES;
				SDKROOT = iphoneos;
				SWIFT_ACTIVE_COMPILATION_CONDITIONS = DEBUG;
				SWIFT_OPTIMIZATION_LEVEL = "-Onone";
			};
			name = Debug;
		};
		7AE4627320E99BBD009ED0CD /* Release */ = {
			isa = XCBuildConfiguration;
			buildSettings = {
				ALWAYS_SEARCH_USER_PATHS = NO;
				CLANG_ANALYZER_NONNULL = YES;
				CLANG_ANALYZER_NUMBER_OBJECT_CONVERSION = YES_AGGRESSIVE;
				CLANG_CXX_LANGUAGE_STANDARD = "gnu++14";
				CLANG_CXX_LIBRARY = "libc++";
				CLANG_ENABLE_MODULES = YES;
				CLANG_ENABLE_OBJC_ARC = YES;
				CLANG_ENABLE_OBJC_WEAK = YES;
				CLANG_WARN_BLOCK_CAPTURE_AUTORELEASING = YES;
				CLANG_WARN_BOOL_CONVERSION = YES;
				CLANG_WARN_COMMA = YES;
				CLANG_WARN_CONSTANT_CONVERSION = YES;
				CLANG_WARN_DEPRECATED_OBJC_IMPLEMENTATIONS = YES;
				CLANG_WARN_DIRECT_OBJC_ISA_USAGE = YES_ERROR;
				CLANG_WARN_DOCUMENTATION_COMMENTS = YES;
				CLANG_WARN_EMPTY_BODY = YES;
				CLANG_WARN_ENUM_CONVERSION = YES;
				CLANG_WARN_INFINITE_RECURSION = YES;
				CLANG_WARN_INT_CONVERSION = YES;
				CLANG_WARN_NON_LITERAL_NULL_CONVERSION = YES;
				CLANG_WARN_OBJC_IMPLICIT_RETAIN_SELF = YES;
				CLANG_WARN_OBJC_LITERAL_CONVERSION = YES;
				CLANG_WARN_OBJC_ROOT_CLASS = YES_ERROR;
				CLANG_WARN_RANGE_LOOP_ANALYSIS = YES;
				CLANG_WARN_STRICT_PROTOTYPES = YES;
				CLANG_WARN_SUSPICIOUS_MOVE = YES;
				CLANG_WARN_UNGUARDED_AVAILABILITY = YES_AGGRESSIVE;
				CLANG_WARN_UNREACHABLE_CODE = YES;
				CLANG_WARN__DUPLICATE_METHOD_MATCH = YES;
				CODE_SIGN_IDENTITY = "iPhone Developer";
				COPY_PHASE_STRIP = NO;
				DEBUG_INFORMATION_FORMAT = "dwarf-with-dsym";
				ENABLE_NS_ASSERTIONS = NO;
				ENABLE_STRICT_OBJC_MSGSEND = YES;
				GCC_C_LANGUAGE_STANDARD = gnu11;
				GCC_NO_COMMON_BLOCKS = YES;
				GCC_WARN_64_TO_32_BIT_CONVERSION = YES;
				GCC_WARN_ABOUT_RETURN_TYPE = YES_ERROR;
				GCC_WARN_UNDECLARED_SELECTOR = YES;
				GCC_WARN_UNINITIALIZED_AUTOS = YES_AGGRESSIVE;
				GCC_WARN_UNUSED_FUNCTION = YES;
				GCC_WARN_UNUSED_VARIABLE = YES;
				IPHONEOS_DEPLOYMENT_TARGET = 11.4;
				MTL_ENABLE_DEBUG_INFO = NO;
				SDKROOT = iphoneos;
				SWIFT_COMPILATION_MODE = wholemodule;
				SWIFT_OPTIMIZATION_LEVEL = "-O";
				VALIDATE_PRODUCT = YES;
			};
			name = Release;
		};
		7AE4627520E99BBD009ED0CD /* Debug */ = {
			isa = XCBuildConfiguration;
			baseConfigurationReference = 2069C28F06B7CFD70E08F181 /* Pods-sticky.debug.xcconfig */;
			buildSettings = {
				ASSETCATALOG_COMPILER_APPICON_NAME = AppIcon;
				CODE_SIGN_STYLE = Automatic;
				DEVELOPMENT_TEAM = 9Q2NC2R7UM;
				INFOPLIST_FILE = sticky/Info.plist;
				LD_RUNPATH_SEARCH_PATHS = (
					"$(inherited)",
					"@executable_path/Frameworks",
				);
				PRODUCT_BUNDLE_IDENTIFIER = nikoferro.sticky;
				PRODUCT_NAME = "Sticky Notes";
				SWIFT_VERSION = 4.0;
				TARGETED_DEVICE_FAMILY = "1,2";
			};
			name = Debug;
		};
		7AE4627620E99BBD009ED0CD /* Release */ = {
			isa = XCBuildConfiguration;
			baseConfigurationReference = 34DEC21AFECED6BCED6D0E12 /* Pods-sticky.release.xcconfig */;
			buildSettings = {
				ASSETCATALOG_COMPILER_APPICON_NAME = AppIcon;
				CODE_SIGN_STYLE = Automatic;
				DEVELOPMENT_TEAM = 9Q2NC2R7UM;
				INFOPLIST_FILE = sticky/Info.plist;
				LD_RUNPATH_SEARCH_PATHS = (
					"$(inherited)",
					"@executable_path/Frameworks",
				);
				PRODUCT_BUNDLE_IDENTIFIER = nikoferro.sticky;
				PRODUCT_NAME = "Sticky Notes";
				SWIFT_VERSION = 4.0;
				TARGETED_DEVICE_FAMILY = "1,2";
			};
			name = Release;
		};
		7AE4627820E99BBD009ED0CD /* Debug */ = {
			isa = XCBuildConfiguration;
			baseConfigurationReference = A1ADAE74BDE1469B8798E74F /* Pods-stickyTests.debug.xcconfig */;
			buildSettings = {
				ALWAYS_EMBED_SWIFT_STANDARD_LIBRARIES = YES;
				BUNDLE_LOADER = "$(TEST_HOST)";
				CODE_SIGN_STYLE = Automatic;
				DEVELOPMENT_TEAM = 9Q2NC2R7UM;
				INFOPLIST_FILE = stickyTests/Info.plist;
				LD_RUNPATH_SEARCH_PATHS = (
					"$(inherited)",
					"@executable_path/Frameworks",
					"@loader_path/Frameworks",
				);
				PRODUCT_BUNDLE_IDENTIFIER = nikoferro.stickyTests;
				PRODUCT_NAME = "$(TARGET_NAME)";
				SWIFT_VERSION = 4.0;
				TARGETED_DEVICE_FAMILY = "1,2";
				TEST_HOST = "$(BUILT_PRODUCTS_DIR)/sticky.app/sticky";
			};
			name = Debug;
		};
		7AE4627920E99BBD009ED0CD /* Release */ = {
			isa = XCBuildConfiguration;
			baseConfigurationReference = B786C853A5797D1D25771C9C /* Pods-stickyTests.release.xcconfig */;
			buildSettings = {
				ALWAYS_EMBED_SWIFT_STANDARD_LIBRARIES = YES;
				BUNDLE_LOADER = "$(TEST_HOST)";
				CODE_SIGN_STYLE = Automatic;
				DEVELOPMENT_TEAM = 9Q2NC2R7UM;
				INFOPLIST_FILE = stickyTests/Info.plist;
				LD_RUNPATH_SEARCH_PATHS = (
					"$(inherited)",
					"@executable_path/Frameworks",
					"@loader_path/Frameworks",
				);
				PRODUCT_BUNDLE_IDENTIFIER = nikoferro.stickyTests;
				PRODUCT_NAME = "$(TARGET_NAME)";
				SWIFT_VERSION = 4.0;
				TARGETED_DEVICE_FAMILY = "1,2";
				TEST_HOST = "$(BUILT_PRODUCTS_DIR)/sticky.app/sticky";
			};
			name = Release;
		};
		7AE4627B20E99BBD009ED0CD /* Debug */ = {
			isa = XCBuildConfiguration;
			baseConfigurationReference = B5AF1620EDAFBEF6DE101B89 /* Pods-stickyUITests.debug.xcconfig */;
			buildSettings = {
				ALWAYS_EMBED_SWIFT_STANDARD_LIBRARIES = YES;
				CODE_SIGN_STYLE = Automatic;
				DEVELOPMENT_TEAM = 9Q2NC2R7UM;
				INFOPLIST_FILE = stickyUITests/Info.plist;
				LD_RUNPATH_SEARCH_PATHS = (
					"$(inherited)",
					"@executable_path/Frameworks",
					"@loader_path/Frameworks",
				);
				PRODUCT_BUNDLE_IDENTIFIER = nikoferro.stickyUITests;
				PRODUCT_NAME = "$(TARGET_NAME)";
				SWIFT_VERSION = 4.0;
				TARGETED_DEVICE_FAMILY = "1,2";
				TEST_TARGET_NAME = sticky;
			};
			name = Debug;
		};
		7AE4627C20E99BBD009ED0CD /* Release */ = {
			isa = XCBuildConfiguration;
			baseConfigurationReference = E04F5953D065FAB8AC181E46 /* Pods-stickyUITests.release.xcconfig */;
			buildSettings = {
				ALWAYS_EMBED_SWIFT_STANDARD_LIBRARIES = YES;
				CODE_SIGN_STYLE = Automatic;
				DEVELOPMENT_TEAM = 9Q2NC2R7UM;
				INFOPLIST_FILE = stickyUITests/Info.plist;
				LD_RUNPATH_SEARCH_PATHS = (
					"$(inherited)",
					"@executable_path/Frameworks",
					"@loader_path/Frameworks",
				);
				PRODUCT_BUNDLE_IDENTIFIER = nikoferro.stickyUITests;
				PRODUCT_NAME = "$(TARGET_NAME)";
				SWIFT_VERSION = 4.0;
				TARGETED_DEVICE_FAMILY = "1,2";
				TEST_TARGET_NAME = sticky;
			};
			name = Release;
		};
/* End XCBuildConfiguration section */

/* Begin XCConfigurationList section */
		7AE4624520E99BBC009ED0CD /* Build configuration list for PBXProject "sticky" */ = {
			isa = XCConfigurationList;
			buildConfigurations = (
				7AE4627220E99BBD009ED0CD /* Debug */,
				7AE4627320E99BBD009ED0CD /* Release */,
			);
			defaultConfigurationIsVisible = 0;
			defaultConfigurationName = Release;
		};
		7AE4627420E99BBD009ED0CD /* Build configuration list for PBXNativeTarget "sticky" */ = {
			isa = XCConfigurationList;
			buildConfigurations = (
				7AE4627520E99BBD009ED0CD /* Debug */,
				7AE4627620E99BBD009ED0CD /* Release */,
			);
			defaultConfigurationIsVisible = 0;
			defaultConfigurationName = Release;
		};
		7AE4627720E99BBD009ED0CD /* Build configuration list for PBXNativeTarget "stickyTests" */ = {
			isa = XCConfigurationList;
			buildConfigurations = (
				7AE4627820E99BBD009ED0CD /* Debug */,
				7AE4627920E99BBD009ED0CD /* Release */,
			);
			defaultConfigurationIsVisible = 0;
			defaultConfigurationName = Release;
		};
		7AE4627A20E99BBD009ED0CD /* Build configuration list for PBXNativeTarget "stickyUITests" */ = {
			isa = XCConfigurationList;
			buildConfigurations = (
				7AE4627B20E99BBD009ED0CD /* Debug */,
				7AE4627C20E99BBD009ED0CD /* Release */,
			);
			defaultConfigurationIsVisible = 0;
			defaultConfigurationName = Release;
		};
/* End XCConfigurationList section */
	};
	rootObject = 7AE4624220E99BBC009ED0CD /* Project object */;
}
